
Microsoft Visual Studio Solution File, Format Version 12.00
# Visual Studio 15
VisualStudioVersion = 15.0.28307.645
MinimumVisualStudioVersion = 10.0.40219.1
Project("{8BC9CEB8-8B4A-11D0-8D11-00A0C91BC942}") = "여행계획세우기 정답2", "여행계획세우기 정답2.vcxproj", "{088B19EF-FFCA-4939-BB16-B62B809338DD}"
EndProject
Global
	GlobalSection(SolutionConfigurationPlatforms) = preSolution
		Debug|x64 = Debug|x64
		Debug|x86 = Debug|x86
		Release|x64 = Release|x64
		Release|x86 = Release|x86
	EndGlobalSection
	GlobalSection(ProjectConfigurationPlatforms) = postSolution
		{088B19EF-FFCA-4939-BB16-B62B809338DD}.Debug|x64.ActiveCfg = Debug|x64
		{088B19EF-FFCA-4939-BB16-B62B809338DD}.Debug|x64.Build.0 = Debug|x64
		{088B19EF-FFCA-4939-BB16-B62B809338DD}.Debug|x86.ActiveCfg = Debug|Win32
		{088B19EF-FFCA-4939-BB16-B62B809338DD}.Debug|x86.Build.0 = Debug|Win32
		{088B19EF-FFCA-4939-BB16-B62B809338DD}.Release|x64.ActiveCfg = Release|x64
		{088B19EF-FFCA-4939-BB16-B62B809338DD}.Release|x64.Build.0 = Release|x64
		{088B19EF-FFCA-4939-BB16-B62B809338DD}.Release|x86.ActiveCfg = Release|Win32
		{088B19EF-FFCA-4939-BB16-B62B809338DD}.Release|x86.Build.0 = Release|Win32
	EndGlobalSection
	GlobalSection(SolutionProperties) = preSolution
		HideSolutionNode = FALSE
	EndGlobalSection
	GlobalSection(ExtensibilityGlobals) = postSolution
		SolutionGuid = {D2C7A354-CF03-4A9B-8164-7FC990AECC4B}
	EndGlobalSection
EndGlobal
