
Microsoft Visual Studio Solution File, Format Version 12.00
# Visual Studio 15
VisualStudioVersion = 15.0.28307.572
MinimumVisualStudioVersion = 10.0.40219.1
Project("{8BC9CEB8-8B4A-11D0-8D11-00A0C91BC942}") = "동전 2", "동전 2.vcxproj", "{B2BFCE48-C084-4559-BFA0-F7F2176D3C9C}"
EndProject
Global
	GlobalSection(SolutionConfigurationPlatforms) = preSolution
		Debug|x64 = Debug|x64
		Debug|x86 = Debug|x86
		Release|x64 = Release|x64
		Release|x86 = Release|x86
	EndGlobalSection
	GlobalSection(ProjectConfigurationPlatforms) = postSolution
		{B2BFCE48-C084-4559-BFA0-F7F2176D3C9C}.Debug|x64.ActiveCfg = Debug|x64
		{B2BFCE48-C084-4559-BFA0-F7F2176D3C9C}.Debug|x64.Build.0 = Debug|x64
		{B2BFCE48-C084-4559-BFA0-F7F2176D3C9C}.Debug|x86.ActiveCfg = Debug|Win32
		{B2BFCE48-C084-4559-BFA0-F7F2176D3C9C}.Debug|x86.Build.0 = Debug|Win32
		{B2BFCE48-C084-4559-BFA0-F7F2176D3C9C}.Release|x64.ActiveCfg = Release|x64
		{B2BFCE48-C084-4559-BFA0-F7F2176D3C9C}.Release|x64.Build.0 = Release|x64
		{B2BFCE48-C084-4559-BFA0-F7F2176D3C9C}.Release|x86.ActiveCfg = Release|Win32
		{B2BFCE48-C084-4559-BFA0-F7F2176D3C9C}.Release|x86.Build.0 = Release|Win32
	EndGlobalSection
	GlobalSection(SolutionProperties) = preSolution
		HideSolutionNode = FALSE
	EndGlobalSection
	GlobalSection(ExtensibilityGlobals) = postSolution
		SolutionGuid = {776BFC4E-BADC-4330-9C30-9D754501CECC}
	EndGlobalSection
EndGlobal
