
Microsoft Visual Studio Solution File, Format Version 12.00
# Visual Studio 15
VisualStudioVersion = 15.0.28307.438
MinimumVisualStudioVersion = 10.0.40219.1
Project("{8BC9CEB8-8B4A-11D0-8D11-00A0C91BC942}") = "Star11", "Star11.vcxproj", "{A44C473C-D6E9-4B37-8403-DC7696A768DE}"
EndProject
Global
	GlobalSection(SolutionConfigurationPlatforms) = preSolution
		Debug|x64 = Debug|x64
		Debug|x86 = Debug|x86
		Release|x64 = Release|x64
		Release|x86 = Release|x86
	EndGlobalSection
	GlobalSection(ProjectConfigurationPlatforms) = postSolution
		{A44C473C-D6E9-4B37-8403-DC7696A768DE}.Debug|x64.ActiveCfg = Debug|x64
		{A44C473C-D6E9-4B37-8403-DC7696A768DE}.Debug|x64.Build.0 = Debug|x64
		{A44C473C-D6E9-4B37-8403-DC7696A768DE}.Debug|x86.ActiveCfg = Debug|Win32
		{A44C473C-D6E9-4B37-8403-DC7696A768DE}.Debug|x86.Build.0 = Debug|Win32
		{A44C473C-D6E9-4B37-8403-DC7696A768DE}.Release|x64.ActiveCfg = Release|x64
		{A44C473C-D6E9-4B37-8403-DC7696A768DE}.Release|x64.Build.0 = Release|x64
		{A44C473C-D6E9-4B37-8403-DC7696A768DE}.Release|x86.ActiveCfg = Release|Win32
		{A44C473C-D6E9-4B37-8403-DC7696A768DE}.Release|x86.Build.0 = Release|Win32
	EndGlobalSection
	GlobalSection(SolutionProperties) = preSolution
		HideSolutionNode = FALSE
	EndGlobalSection
	GlobalSection(ExtensibilityGlobals) = postSolution
		SolutionGuid = {C027A067-5503-4059-A6FA-950CD65A7274}
	EndGlobalSection
EndGlobal
