
Microsoft Visual Studio Solution File, Format Version 12.00
# Visual Studio 15
VisualStudioVersion = 15.0.28307.572
MinimumVisualStudioVersion = 10.0.40219.1
Project("{8BC9CEB8-8B4A-11D0-8D11-00A0C91BC942}") = "roburt_hood", "roburt_hood.vcxproj", "{196CD2BE-D3F1-476F-86E4-5EF65D7DFCF1}"
EndProject
Global
	GlobalSection(SolutionConfigurationPlatforms) = preSolution
		Debug|x64 = Debug|x64
		Debug|x86 = Debug|x86
		Release|x64 = Release|x64
		Release|x86 = Release|x86
	EndGlobalSection
	GlobalSection(ProjectConfigurationPlatforms) = postSolution
		{196CD2BE-D3F1-476F-86E4-5EF65D7DFCF1}.Debug|x64.ActiveCfg = Debug|x64
		{196CD2BE-D3F1-476F-86E4-5EF65D7DFCF1}.Debug|x64.Build.0 = Debug|x64
		{196CD2BE-D3F1-476F-86E4-5EF65D7DFCF1}.Debug|x86.ActiveCfg = Debug|Win32
		{196CD2BE-D3F1-476F-86E4-5EF65D7DFCF1}.Debug|x86.Build.0 = Debug|Win32
		{196CD2BE-D3F1-476F-86E4-5EF65D7DFCF1}.Release|x64.ActiveCfg = Release|x64
		{196CD2BE-D3F1-476F-86E4-5EF65D7DFCF1}.Release|x64.Build.0 = Release|x64
		{196CD2BE-D3F1-476F-86E4-5EF65D7DFCF1}.Release|x86.ActiveCfg = Release|Win32
		{196CD2BE-D3F1-476F-86E4-5EF65D7DFCF1}.Release|x86.Build.0 = Release|Win32
	EndGlobalSection
	GlobalSection(SolutionProperties) = preSolution
		HideSolutionNode = FALSE
	EndGlobalSection
	GlobalSection(ExtensibilityGlobals) = postSolution
		SolutionGuid = {D1C15AFD-A117-4078-BED2-7281B5FCF391}
	EndGlobalSection
EndGlobal
