
Microsoft Visual Studio Solution File, Format Version 12.00
# Visual Studio 15
VisualStudioVersion = 15.0.28307.572
MinimumVisualStudioVersion = 10.0.40219.1
Project("{8BC9CEB8-8B4A-11D0-8D11-00A0C91BC942}") = "별찍기13", "별찍기13.vcxproj", "{243FBE3A-6680-4F80-AA18-273A4F41CFE9}"
EndProject
Global
	GlobalSection(SolutionConfigurationPlatforms) = preSolution
		Debug|x64 = Debug|x64
		Debug|x86 = Debug|x86
		Release|x64 = Release|x64
		Release|x86 = Release|x86
	EndGlobalSection
	GlobalSection(ProjectConfigurationPlatforms) = postSolution
		{243FBE3A-6680-4F80-AA18-273A4F41CFE9}.Debug|x64.ActiveCfg = Debug|x64
		{243FBE3A-6680-4F80-AA18-273A4F41CFE9}.Debug|x64.Build.0 = Debug|x64
		{243FBE3A-6680-4F80-AA18-273A4F41CFE9}.Debug|x86.ActiveCfg = Debug|Win32
		{243FBE3A-6680-4F80-AA18-273A4F41CFE9}.Debug|x86.Build.0 = Debug|Win32
		{243FBE3A-6680-4F80-AA18-273A4F41CFE9}.Release|x64.ActiveCfg = Release|x64
		{243FBE3A-6680-4F80-AA18-273A4F41CFE9}.Release|x64.Build.0 = Release|x64
		{243FBE3A-6680-4F80-AA18-273A4F41CFE9}.Release|x86.ActiveCfg = Release|Win32
		{243FBE3A-6680-4F80-AA18-273A4F41CFE9}.Release|x86.Build.0 = Release|Win32
	EndGlobalSection
	GlobalSection(SolutionProperties) = preSolution
		HideSolutionNode = FALSE
	EndGlobalSection
	GlobalSection(ExtensibilityGlobals) = postSolution
		SolutionGuid = {AD0AB78D-EC89-4827-8D02-876B433DBF73}
	EndGlobalSection
EndGlobal
