
Microsoft Visual Studio Solution File, Format Version 12.00
# Visual Studio 15
VisualStudioVersion = 15.0.28307.645
MinimumVisualStudioVersion = 10.0.40219.1
Project("{8BC9CEB8-8B4A-11D0-8D11-00A0C91BC942}") = "여행계획세우기 정답", "여행계획세우기 정답.vcxproj", "{B3594A0D-CF0E-4CAA-B239-886231F327BA}"
EndProject
Global
	GlobalSection(SolutionConfigurationPlatforms) = preSolution
		Debug|x64 = Debug|x64
		Debug|x86 = Debug|x86
		Release|x64 = Release|x64
		Release|x86 = Release|x86
	EndGlobalSection
	GlobalSection(ProjectConfigurationPlatforms) = postSolution
		{B3594A0D-CF0E-4CAA-B239-886231F327BA}.Debug|x64.ActiveCfg = Debug|x64
		{B3594A0D-CF0E-4CAA-B239-886231F327BA}.Debug|x64.Build.0 = Debug|x64
		{B3594A0D-CF0E-4CAA-B239-886231F327BA}.Debug|x86.ActiveCfg = Debug|Win32
		{B3594A0D-CF0E-4CAA-B239-886231F327BA}.Debug|x86.Build.0 = Debug|Win32
		{B3594A0D-CF0E-4CAA-B239-886231F327BA}.Release|x64.ActiveCfg = Release|x64
		{B3594A0D-CF0E-4CAA-B239-886231F327BA}.Release|x64.Build.0 = Release|x64
		{B3594A0D-CF0E-4CAA-B239-886231F327BA}.Release|x86.ActiveCfg = Release|Win32
		{B3594A0D-CF0E-4CAA-B239-886231F327BA}.Release|x86.Build.0 = Release|Win32
	EndGlobalSection
	GlobalSection(SolutionProperties) = preSolution
		HideSolutionNode = FALSE
	EndGlobalSection
	GlobalSection(ExtensibilityGlobals) = postSolution
		SolutionGuid = {F81509CC-1653-41C1-B617-091D67AF7AFA}
	EndGlobalSection
EndGlobal
